
Microsoft Visual Studio Solution File, Format Version 12.00
# Visual Studio Version 17
VisualStudioVersion = 17.7.34024.191
MinimumVisualStudioVersion = 10.0.40219.1
Project("{FAE04EC0-301F-11D3-BF4B-00C04F79EFBC}") = "MyClient", "MyClient\MyClient.csproj", "{31F27BD7-717B-4EF0-A9F1-2CDDEC67655C}"
EndProject
Global
	GlobalSection(SolutionConfigurationPlatforms) = preSolution
		Debug|Any CPU = Debug|Any CPU
		Release|Any CPU = Release|Any CPU
	EndGlobalSection
	GlobalSection(ProjectConfigurationPlatforms) = postSolution
		{31F27BD7-717B-4EF0-A9F1-2CDDEC67655C}.Debug|Any CPU.ActiveCfg = Debug|Any CPU
		{31F27BD7-717B-4EF0-A9F1-2CDDEC67655C}.Debug|Any CPU.Build.0 = Debug|Any CPU
		{31F27BD7-717B-4EF0-A9F1-2CDDEC67655C}.Release|Any CPU.ActiveCfg = Release|Any CPU
		{31F27BD7-717B-4EF0-A9F1-2CDDEC67655C}.Release|Any CPU.Build.0 = Release|Any CPU
	EndGlobalSection
	GlobalSection(SolutionProperties) = preSolution
		HideSolutionNode = FALSE
	EndGlobalSection
	GlobalSection(ExtensibilityGlobals) = postSolution
		SolutionGuid = {B5F3AE8D-D54E-46EA-ADD5-54A13D7640F1}
	EndGlobalSection
EndGlobal
