
Microsoft Visual Studio Solution File, Format Version 12.00
# Visual Studio Version 17
VisualStudioVersion = 17.7.34024.191
MinimumVisualStudioVersion = 10.0.40219.1
Project("{FAE04EC0-301F-11D3-BF4B-00C04F79EFBC}") = "DatesAndTimes", "DatesAndTimes\DatesAndTimes.csproj", "{6EC58377-8688-4434-A8AB-7ADF08F26AA5}"
EndProject
Global
	GlobalSection(SolutionConfigurationPlatforms) = preSolution
		Debug|Any CPU = Debug|Any CPU
		Release|Any CPU = Release|Any CPU
	EndGlobalSection
	GlobalSection(ProjectConfigurationPlatforms) = postSolution
		{6EC58377-8688-4434-A8AB-7ADF08F26AA5}.Debug|Any CPU.ActiveCfg = Debug|Any CPU
		{6EC58377-8688-4434-A8AB-7ADF08F26AA5}.Debug|Any CPU.Build.0 = Debug|Any CPU
		{6EC58377-8688-4434-A8AB-7ADF08F26AA5}.Release|Any CPU.ActiveCfg = Release|Any CPU
		{6EC58377-8688-4434-A8AB-7ADF08F26AA5}.Release|Any CPU.Build.0 = Release|Any CPU
	EndGlobalSection
	GlobalSection(SolutionProperties) = preSolution
		HideSolutionNode = FALSE
	EndGlobalSection
	GlobalSection(ExtensibilityGlobals) = postSolution
		SolutionGuid = {6D0B569B-C2CE-4B5A-838C-8A9D877B0056}
	EndGlobalSection
EndGlobal
