
Microsoft Visual Studio Solution File, Format Version 12.00
# Visual Studio Version 17
VisualStudioVersion = 17.7.34024.191
MinimumVisualStudioVersion = 10.0.40219.1
Project("{FAE04EC0-301F-11D3-BF4B-00C04F79EFBC}") = "arrays", "arrays\arrays.csproj", "{B808FAEA-3D56-4810-BF43-425C00120774}"
EndProject
Global
	GlobalSection(SolutionConfigurationPlatforms) = preSolution
		Debug|Any CPU = Debug|Any CPU
		Release|Any CPU = Release|Any CPU
	EndGlobalSection
	GlobalSection(ProjectConfigurationPlatforms) = postSolution
		{B808FAEA-3D56-4810-BF43-425C00120774}.Debug|Any CPU.ActiveCfg = Debug|Any CPU
		{B808FAEA-3D56-4810-BF43-425C00120774}.Debug|Any CPU.Build.0 = Debug|Any CPU
		{B808FAEA-3D56-4810-BF43-425C00120774}.Release|Any CPU.ActiveCfg = Release|Any CPU
		{B808FAEA-3D56-4810-BF43-425C00120774}.Release|Any CPU.Build.0 = Release|Any CPU
	EndGlobalSection
	GlobalSection(SolutionProperties) = preSolution
		HideSolutionNode = FALSE
	EndGlobalSection
	GlobalSection(ExtensibilityGlobals) = postSolution
		SolutionGuid = {05246439-FEF1-4207-A366-B5EFC7944803}
	EndGlobalSection
EndGlobal
